
Microsoft Visual Studio Solution File, Format Version 12.00
# Visual Studio 14
VisualStudioVersion = 14.0.25420.1
MinimumVisualStudioVersion = 10.0.40219.1
Project("{8BC9CEB8-8B4A-11D0-8D11-00A0C91BC942}") = "CAutoUpdater", "CAutoUpdater.vs160.vcxproj", "{9C67A1BE-A52A-46CC-8C03-8548C53FCF2E}"
	ProjectSection(ProjectDependencies) = postProject
		{D2998A79-52C1-4CF1-A166-9AC6C0AA7E3B} = {D2998A79-52C1-4CF1-A166-9AC6C0AA7E3B}
	EndProjectSection
EndProject
Project("{8BC9CEB8-8B4A-11D0-8D11-00A0C91BC942}") = "libappupdater", "libappupdater.vs160.vcxproj", "{D2998A79-52C1-4CF1-A166-9AC6C0AA7E3B}"
EndProject
Project("{8BC9CEB8-8B4A-11D0-8D11-00A0C91BC942}") = "TAutoUpdater", "TAutoUpdater.vs160.vcxproj", "{A1BE9C67-A52A-46CC-8548-8C03C53FCF2E}"
	ProjectSection(ProjectDependencies) = postProject
		{D2998A79-52C1-4CF1-A166-9AC6C0AA7E3B} = {D2998A79-52C1-4CF1-A166-9AC6C0AA7E3B}
	EndProjectSection
EndProject
Global
	GlobalSection(SolutionConfigurationPlatforms) = preSolution
		Debug|Win32 = Debug|Win32
		Debug|x64 = Debug|x64
		Release|Win32 = Release|Win32
		Release|x64 = Release|x64
	EndGlobalSection
	GlobalSection(ProjectConfigurationPlatforms) = postSolution
		{9C67A1BE-A52A-46CC-8C03-8548C53FCF2E}.Debug|Win32.ActiveCfg = Debug|Win32
		{9C67A1BE-A52A-46CC-8C03-8548C53FCF2E}.Debug|Win32.Build.0 = Debug|Win32
		{9C67A1BE-A52A-46CC-8C03-8548C53FCF2E}.Debug|x64.ActiveCfg = Debug|x64
		{9C67A1BE-A52A-46CC-8C03-8548C53FCF2E}.Debug|x64.Build.0 = Debug|x64
		{9C67A1BE-A52A-46CC-8C03-8548C53FCF2E}.Release|Win32.ActiveCfg = Release|Win32
		{9C67A1BE-A52A-46CC-8C03-8548C53FCF2E}.Release|Win32.Build.0 = Release|Win32
		{9C67A1BE-A52A-46CC-8C03-8548C53FCF2E}.Release|x64.ActiveCfg = Release|x64
		{9C67A1BE-A52A-46CC-8C03-8548C53FCF2E}.Release|x64.Build.0 = Release|x64
		{D2998A79-52C1-4CF1-A166-9AC6C0AA7E3B}.Debug|Win32.ActiveCfg = Debug|Win32
		{D2998A79-52C1-4CF1-A166-9AC6C0AA7E3B}.Debug|Win32.Build.0 = Debug|Win32
		{D2998A79-52C1-4CF1-A166-9AC6C0AA7E3B}.Debug|x64.ActiveCfg = Debug|x64
		{D2998A79-52C1-4CF1-A166-9AC6C0AA7E3B}.Debug|x64.Build.0 = Debug|x64
		{D2998A79-52C1-4CF1-A166-9AC6C0AA7E3B}.Release|Win32.ActiveCfg = Release|Win32
		{D2998A79-52C1-4CF1-A166-9AC6C0AA7E3B}.Release|Win32.Build.0 = Release|Win32
		{D2998A79-52C1-4CF1-A166-9AC6C0AA7E3B}.Release|x64.ActiveCfg = Release|x64
		{D2998A79-52C1-4CF1-A166-9AC6C0AA7E3B}.Release|x64.Build.0 = Release|x64
		{A1BE9C67-A52A-46CC-8548-8C03C53FCF2E}.Debug|Win32.ActiveCfg = Debug|Win32
		{A1BE9C67-A52A-46CC-8548-8C03C53FCF2E}.Debug|Win32.Build.0 = Debug|Win32
		{A1BE9C67-A52A-46CC-8548-8C03C53FCF2E}.Debug|x64.ActiveCfg = Debug|x64
		{A1BE9C67-A52A-46CC-8548-8C03C53FCF2E}.Debug|x64.Build.0 = Debug|x64
		{A1BE9C67-A52A-46CC-8548-8C03C53FCF2E}.Release|Win32.ActiveCfg = Release|Win32
		{A1BE9C67-A52A-46CC-8548-8C03C53FCF2E}.Release|Win32.Build.0 = Release|Win32
		{A1BE9C67-A52A-46CC-8548-8C03C53FCF2E}.Release|x64.ActiveCfg = Release|x64
		{A1BE9C67-A52A-46CC-8548-8C03C53FCF2E}.Release|x64.Build.0 = Release|x64
	EndGlobalSection
	GlobalSection(SolutionProperties) = preSolution
		HideSolutionNode = FALSE
	EndGlobalSection
EndGlobal
