<?xml version="1.0" encoding="utf-8"?>
<Project ToolsVersion="4.0" xmlns="http://schemas.microsoft.com/developer/msbuild/2003">
  <ItemGroup>
    <Filter Include="Source Files">
      <UniqueIdentifier>{d82888ab-a777-434e-9796-f34437404c4e}</UniqueIdentifier>
    </Filter>
    <Filter Include="Art">
      <UniqueIdentifier>{d68173e2-31db-4c9c-a36d-a38f4a22d9f9}</UniqueIdentifier>
    </Filter>
    <Filter Include="Header Files">
      <UniqueIdentifier>{3545c9d5-6fa3-4a66-9e4b-b665a33748d9}</UniqueIdentifier>
    </Filter>
    <Filter Include="Header Files\expat">
      <UniqueIdentifier>{3662470e-22f8-4902-b357-64e1f773fdae}</UniqueIdentifier>
    </Filter>
    <Filter Include="Resource Files">
      <UniqueIdentifier>{3e8d93ee-6a73-4631-a96b-5eedb8b1d3f2}</UniqueIdentifier>
    </Filter>
    <Filter Include="Source Files\expat">
      <UniqueIdentifier>{bf92b28e-ed4a-4082-ae4b-bd8ab7a3d0fa}</UniqueIdentifier>
    </Filter>
    <Filter Include="Header Files\core">
      <UniqueIdentifier>{96fa6a76-f513-4259-a762-b77d170424e4}</UniqueIdentifier>
    </Filter>
    <Filter Include="Source Files\core">
      <UniqueIdentifier>{22c5ad38-683c-4a82-9f8b-9bb58267213c}</UniqueIdentifier>
    </Filter>
    <Filter Include="Source Files\localisation">
      <UniqueIdentifier>{38a878ed-7e74-4854-8781-8db434d14df1}</UniqueIdentifier>
    </Filter>
    <Filter Include="Header Files\localisation">
      <UniqueIdentifier>{decd7815-4440-4018-85b1-bd18aedb5834}</UniqueIdentifier>
    </Filter>
    <Filter Include="Source Files\localisation\test">
      <UniqueIdentifier>{bf59cbf9-438a-4170-9754-c2fc66cbd620}</UniqueIdentifier>
    </Filter>
  </ItemGroup>
  <ItemGroup>
    <ClCompile Include="..\expat\xmlparse.c">
      <Filter>Source Files\expat</Filter>
    </ClCompile>
    <ClCompile Include="..\expat\xmlrole.c">
      <Filter>Source Files\expat</Filter>
    </ClCompile>
    <ClCompile Include="..\expat\xmltok.c">
      <Filter>Source Files\expat</Filter>
    </ClCompile>
    <ClCompile Include="..\src\AutoConfig.cpp">
      <Filter>Source Files\core</Filter>
    </ClCompile>
    <ClCompile Include="..\src\AutoDialog.cpp">
      <Filter>Source Files\core</Filter>
    </ClCompile>
    <ClCompile Include="..\src\AutoDownload.cpp">
      <Filter>Source Files\core</Filter>
    </ClCompile>
    <ClCompile Include="..\src\AutoError.cpp">
      <Filter>Source Files\core</Filter>
    </ClCompile>
    <ClCompile Include="..\src\AutoLogger.cpp">
      <Filter>Source Files\core</Filter>
    </ClCompile>
    <ClCompile Include="..\src\AutoManifest.cpp">
      <Filter>Source Files\core</Filter>
    </ClCompile>
    <ClCompile Include="..\src\AutoUpdater.cpp">
      <Filter>Source Files\core</Filter>
    </ClCompile>
    <ClCompile Include="..\src\AutoVersion.cpp">
      <Filter>Source Files\core</Filter>
    </ClCompile>
    <ClCompile Include="..\src\CSimpleBrowser.cpp">
      <Filter>Source Files\core</Filter>
    </ClCompile>
    <ClCompile Include="..\src\CUpdateInstallDlg.cpp">
      <Filter>Source Files\core</Filter>
    </ClCompile>
    <ClCompile Include="..\src\CUpdatePromptDlg.cpp">
      <Filter>Source Files\core</Filter>
    </ClCompile>
    <ClCompile Include="..\src\CUptodateDlg.cpp">
      <Filter>Source Files\core</Filter>
    </ClCompile>
    <ClCompile Include="..\libautoupdater.cpp">
      <Filter>Source Files</Filter>
    </ClCompile>
    <ClCompile Include="..\src\CProgressDialog.cpp">
      <Filter>Source Files\core</Filter>
    </ClCompile>
    <ClCompile Include="..\src\AutoConsole.cpp">
      <Filter>Source Files\core</Filter>
    </ClCompile>
    <ClCompile Include="..\src\TProgressBar.cpp">
      <Filter>Source Files\core</Filter>
    </ClCompile>
    <ClCompile Include="..\localisation\NSLocalizedCollection.cpp">
      <Filter>Source Files\localisation</Filter>
    </ClCompile>
    <ClCompile Include="..\localisation\NSLocalizedCollectionImpl.cpp">
      <Filter>Source Files\localisation</Filter>
    </ClCompile>
    <ClCompile Include="..\localisation\NSLocalizedDefault.cpp">
      <Filter>Source Files\localisation</Filter>
    </ClCompile>
    <ClCompile Include="..\localisation\NSLocalizedString.cpp">
      <Filter>Source Files\localisation</Filter>
    </ClCompile>
    <ClCompile Include="..\localisation\NSFormat.cpp">
      <Filter>Source Files\localisation</Filter>
    </ClCompile>
    <ClCompile Include="..\localisation\test\NSFormatTests.cpp">
      <Filter>Source Files\localisation\test</Filter>
    </ClCompile>
  </ItemGroup>
  <ItemGroup>
    <Image Include="..\art\applications-system-48.bmp">
      <Filter>Art</Filter>
    </Image>
    <Image Include="..\art\applications-system-64.bmp">
      <Filter>Art</Filter>
    </Image>
    <Image Include="..\art\applications-system.ico">
      <Filter>Art</Filter>
    </Image>
    <Image Include="..\art\software-update-available-48.bmp">
      <Filter>Art</Filter>
    </Image>
    <Image Include="..\art\software-update-available-64.bmp">
      <Filter>Art</Filter>
    </Image>
    <Image Include="..\art\software-update-available.ico">
      <Filter>Art</Filter>
    </Image>
  </ItemGroup>
  <ItemGroup>
    <ClInclude Include="..\expat\amigaconfig.h">
      <Filter>Header Files\expat</Filter>
    </ClInclude>
    <ClInclude Include="..\expat\ascii.h">
      <Filter>Header Files\expat</Filter>
    </ClInclude>
    <ClInclude Include="..\expat\asciitab.h">
      <Filter>Header Files\expat</Filter>
    </ClInclude>
    <ClInclude Include="..\expat\expat.h">
      <Filter>Header Files\expat</Filter>
    </ClInclude>
    <ClInclude Include="..\expat\expat_external.h">
      <Filter>Header Files\expat</Filter>
    </ClInclude>
    <ClInclude Include="..\expat\iasciitab.h">
      <Filter>Header Files\expat</Filter>
    </ClInclude>
    <ClInclude Include="..\expat\internal.h">
      <Filter>Header Files\expat</Filter>
    </ClInclude>
    <ClInclude Include="..\expat\latin1tab.h">
      <Filter>Header Files\expat</Filter>
    </ClInclude>
    <ClInclude Include="..\expat\macconfig.h">
      <Filter>Header Files\expat</Filter>
    </ClInclude>
    <ClInclude Include="..\expat\nametab.h">
      <Filter>Header Files\expat</Filter>
    </ClInclude>
    <ClInclude Include="..\expat\utf8tab.h">
      <Filter>Header Files\expat</Filter>
    </ClInclude>
    <ClInclude Include="..\expat\winconfig.h">
      <Filter>Header Files\expat</Filter>
    </ClInclude>
    <ClInclude Include="..\expat\xmlrole.h">
      <Filter>Header Files\expat</Filter>
    </ClInclude>
    <ClInclude Include="..\expat\xmltok.h">
      <Filter>Header Files\expat</Filter>
    </ClInclude>
    <ClInclude Include="..\expat\xmltok_impl.h">
      <Filter>Header Files\expat</Filter>
    </ClInclude>
    <ClInclude Include="..\libautoupdater.h">
      <Filter>Header Files</Filter>
    </ClInclude>
    <ClInclude Include="..\src\CUptodateDlg.h">
      <Filter>Header Files\core</Filter>
    </ClInclude>
    <ClInclude Include="..\src\CUpdateInstallDlg.h">
      <Filter>Header Files\core</Filter>
    </ClInclude>
    <ClInclude Include="..\src\CSimpleBrowser.h">
      <Filter>Header Files\core</Filter>
    </ClInclude>
    <ClInclude Include="..\src\AutoVersion.h">
      <Filter>Header Files\core</Filter>
    </ClInclude>
    <ClInclude Include="..\src\AutoUpdater.h">
      <Filter>Header Files\core</Filter>
    </ClInclude>
    <ClInclude Include="..\src\AutoThread.h">
      <Filter>Header Files\core</Filter>
    </ClInclude>
    <ClInclude Include="..\src\AutoManifest.h">
      <Filter>Header Files\core</Filter>
    </ClInclude>
    <ClInclude Include="..\src\AutoLogger.h">
      <Filter>Header Files\core</Filter>
    </ClInclude>
    <ClInclude Include="..\src\AutoError.h">
      <Filter>Header Files\core</Filter>
    </ClInclude>
    <ClInclude Include="..\src\AutoDownload.h">
      <Filter>Header Files\core</Filter>
    </ClInclude>
    <ClInclude Include="..\src\AutoConfig.h">
      <Filter>Header Files\core</Filter>
    </ClInclude>
    <ClInclude Include="..\src\Resource.h">
      <Filter>Header Files\core</Filter>
    </ClInclude>
    <ClInclude Include="..\src\BufferStream.hpp">
      <Filter>Header Files\core</Filter>
    </ClInclude>
    <ClInclude Include="..\src\IAutoUpdaterUI.h">
      <Filter>Header Files</Filter>
    </ClInclude>
    <ClInclude Include="..\src\CProgressDialog.h">
      <Filter>Header Files\core</Filter>
    </ClInclude>
    <ClInclude Include="..\src\TProgressBar.h">
      <Filter>Header Files\core</Filter>
    </ClInclude>
    <ClInclude Include="..\src\AutoConsole.h">
      <Filter>Header Files\core</Filter>
    </ClInclude>
    <ClInclude Include="..\src\AutoDialog.h">
      <Filter>Header Files\core</Filter>
    </ClInclude>
    <ClInclude Include="..\src\CUpdatePromptDlg.h">
      <Filter>Header Files\core</Filter>
    </ClInclude>
    <ClInclude Include="..\src\AutoString.h">
      <Filter>Header Files\core</Filter>
    </ClInclude>
    <ClInclude Include="..\src\common.h">
      <Filter>Header Files\core</Filter>
    </ClInclude>
    <ClInclude Include="..\localisation\NSLocalizedCollection.h">
      <Filter>Header Files\localisation</Filter>
    </ClInclude>
    <ClInclude Include="..\localisation\NSLocalizedCollectionImpl.h">
      <Filter>Header Files\localisation</Filter>
    </ClInclude>
    <ClInclude Include="..\localisation\NSLocalizedString.h">
      <Filter>Header Files\localisation</Filter>
    </ClInclude>
    <ClInclude Include="..\localisation\NSFormat.h">
      <Filter>Header Files\localisation</Filter>
    </ClInclude>
  </ItemGroup>
  <ItemGroup>
    <ResourceCompile Include="..\src\AutoUpdater.rc">
      <Filter>Resource Files</Filter>
    </ResourceCompile>
  </ItemGroup>
</Project>