<?xml version="1.0" encoding="utf-8"?>
<Project ToolsVersion="4.0" xmlns="http://schemas.microsoft.com/developer/msbuild/2003">
  <ItemGroup>
    <Filter Include="Source Files">
      <UniqueIdentifier>{4FC737F1-C7A5-4376-88EB-2A32D752A2FF}</UniqueIdentifier>
      <Extensions>cpp;c;cc;cxx;def;odl;idl;hpj;bat;asm;asmx</Extensions>
    </Filter>
    <Filter Include="Header Files">
      <UniqueIdentifier>{93995380-89BD-4b04-88EB-625FBE52EBFB}</UniqueIdentifier>
      <Extensions>h;hpp;hxx;hm;inl;inc;xsd</Extensions>
    </Filter>
    <Filter Include="Resource Files">
      <UniqueIdentifier>{67DA6AB6-F800-4c08-9B7A-83BB121AAD01}</UniqueIdentifier>
      <Extensions>rc;ico;cur;bmp;dlg;rc2;rct;bin;rgs;gif;jpg;jpeg;jpe;resx;tiff;tif;png;wav</Extensions>
    </Filter>
    <Filter Include="Header Files\core">
      <UniqueIdentifier>{2635ebd6-b340-4d41-b979-d4a5b751c863}</UniqueIdentifier>
    </Filter>
  </ItemGroup>
  <ItemGroup>
    <ClInclude Include="..\src\CUptodateDlg.h">
      <Filter>Header Files\core</Filter>
    </ClInclude>
    <ClInclude Include="..\src\AutoConfig.h">
      <Filter>Header Files\core</Filter>
    </ClInclude>
    <ClInclude Include="..\src\AutoDownload.h">
      <Filter>Header Files\core</Filter>
    </ClInclude>
    <ClInclude Include="..\src\AutoError.h">
      <Filter>Header Files\core</Filter>
    </ClInclude>
    <ClInclude Include="..\src\AutoLogger.h">
      <Filter>Header Files\core</Filter>
    </ClInclude>
    <ClInclude Include="..\src\AutoManifest.h">
      <Filter>Header Files\core</Filter>
    </ClInclude>
    <ClInclude Include="..\src\AutoThread.h">
      <Filter>Header Files\core</Filter>
    </ClInclude>
    <ClInclude Include="..\src\AutoUpdater.h">
      <Filter>Header Files\core</Filter>
    </ClInclude>
    <ClInclude Include="..\src\AutoVersion.h">
      <Filter>Header Files\core</Filter>
    </ClInclude>
    <ClInclude Include="..\src\CReadOnlyEdit.h">
      <Filter>Header Files\core</Filter>
    </ClInclude>
    <ClInclude Include="..\src\CSimpleBrowser.h">
      <Filter>Header Files\core</Filter>
    </ClInclude>
    <ClInclude Include="..\src\CUpdateInstallDlg.h">
      <Filter>Header Files\core</Filter>
    </ClInclude>
    <ClInclude Include="..\src\CUpdatePromptDlg.h">
      <Filter>Header Files\core</Filter>
    </ClInclude>
    <ClInclude Include="..\test\resource.h">
      <Filter>Header Files</Filter>
    </ClInclude>
    <ClInclude Include="..\src\AutoDialog.h">
      <Filter>Header Files\core</Filter>
    </ClInclude>
    <ClInclude Include="..\src\AutoConsole.h">
      <Filter>Header Files\core</Filter>
    </ClInclude>
    <ClInclude Include="..\test\upgetopt.h">
      <Filter>Header Files</Filter>
    </ClInclude>
  </ItemGroup>
  <ItemGroup>
    <ResourceCompile Include="..\test\CUpdater.rc">
      <Filter>Resource Files</Filter>
    </ResourceCompile>
  </ItemGroup>
  <ItemGroup>
    <ClCompile Include="..\test\TUpdater.cpp">
      <Filter>Source Files</Filter>
    </ClCompile>
    <ClCompile Include="..\test\upgetopt.cpp">
      <Filter>Source Files</Filter>
    </ClCompile>
  </ItemGroup>
</Project>
